// !$*UTF8*$!
{
	archiveVersion = 1;
	classes = {
	};
	objectVersion = 56;
	objects = {

/* Begin PBXBuildFile section */
		4B22C7082C23018C006F58FE /* PingApp.swift in Sources */ = {isa = PBXBuildFile; fileRef = 4B22C7072C23018C006F58FE /* PingApp.swift */; };
		4B22C70A2C23018C006F58FE /* ContentView.swift in Sources */ = {isa = PBXBuildFile; fileRef = 4B22C7092C23018C006F58FE /* ContentView.swift */; };
		4B22C70C2C23018D006F58FE /* Assets.xcassets in Resources */ = {isa = PBXBuildFile; fileRef = 4B22C70B2C23018D006F58FE /* Assets.xcassets */; };
		4B22C70F2C23018D006F58FE /* Preview Assets.xcassets in Resources */ = {isa = PBXBuildFile; fileRef = 4B22C70E2C23018D006F58FE /* Preview Assets.xcassets */; };
		4B22C7192C23018E006F58FE /* PingTests.swift in Sources */ = {isa = PBXBuildFile; fileRef = 4B22C7182C23018E006F58FE /* PingTests.swift */; };
		4B22C7232C23018E006F58FE /* PingUITests.swift in Sources */ = {isa = PBXBuildFile; fileRef = 4B22C7222C23018E006F58FE /* PingUITests.swift */; };
		4B22C7252C23018E006F58FE /* PingUITestsLaunchTests.swift in Sources */ = {isa = PBXBuildFile; fileRef = 4B22C7242C23018E006F58FE /* PingUITestsLaunchTests.swift */; };
/* End PBXBuildFile section */

/* Begin PBXContainerItemProxy section */
		4B22C7152C23018E006F58FE /* PBXContainerItemProxy */ = {
			isa = PBXContainerItemProxy;
			containerPortal = 4B22C6FC2C23018C006F58FE /* Project object */;
			proxyType = 1;
			remoteGlobalIDString = 4B22C7032C23018C006F58FE;
			remoteInfo = Ping;
		};
		4B22C71F2C23018E006F58FE /* PBXContainerItemProxy */ = {
			isa = PBXContainerItemProxy;
			containerPortal = 4B22C6FC2C23018C006F58FE /* Project object */;
			proxyType = 1;
			remoteGlobalIDString = 4B22C7032C23018C006F58FE;
			remoteInfo = Ping;
		};
/* End PBXContainerItemProxy section */

/* Begin PBXFileReference section */
		4B22C7042C23018C006F58FE /* Ping.app */ = {isa = PBXFileReference; explicitFileType = wrapper.application; includeInIndex = 0; path = Ping.app; sourceTree = BUILT_PRODUCTS_DIR; };
		4B22C7072C23018C006F58FE /* PingApp.swift */ = {isa = PBXFileReference; lastKnownFileType = sourcecode.swift; path = PingApp.swift; sourceTree = "<group>"; };
		4B22C7092C23018C006F58FE /* ContentView.swift */ = {isa = PBXFileReference; lastKnownFileType = sourcecode.swift; path = ContentView.swift; sourceTree = "<group>"; };
		4B22C70B2C23018D006F58FE /* Assets.xcassets */ = {isa = PBXFileReference; lastKnownFileType = folder.assetcatalog; path = Assets.xcassets; sourceTree = "<group>"; };
		4B22C70E2C23018D006F58FE /* Preview Assets.xcassets */ = {isa = PBXFileReference; lastKnownFileType = folder.assetcatalog; path = "Preview Assets.xcassets"; sourceTree = "<group>"; };
		4B22C7142C23018E006F58FE /* PingTests.xctest */ = {isa = PBXFileReference; explicitFileType = wrapper.cfbundle; includeInIndex = 0; path = PingTests.xctest; sourceTree = BUILT_PRODUCTS_DIR; };
		4B22C7182C23018E006F58FE /* PingTests.swift */ = {isa = PBXFileReference; lastKnownFileType = sourcecode.swift; path = PingTests.swift; sourceTree = "<group>"; };
		4B22C71E2C23018E006F58FE /* PingUITests.xctest */ = {isa = PBXFileReference; explicitFileType = wrapper.cfbundle; includeInIndex = 0; path = PingUITests.xctest; sourceTree = BUILT_PRODUCTS_DIR; };
		4B22C7222C23018E006F58FE /* PingUITests.swift */ = {isa = PBXFileReference; lastKnownFileType = sourcecode.swift; path = PingUITests.swift; sourceTree = "<group>"; };
		4B22C7242C23018E006F58FE /* PingUITestsLaunchTests.swift */ = {isa = PBXFileReference; lastKnownFileType = sourcecode.swift; path = PingUITestsLaunchTests.swift; sourceTree = "<group>"; };
/* End PBXFileReference section */

/* Begin PBXFrameworksBuildPhase section */
		4B22C7012C23018C006F58FE /* Frameworks */ = {
			isa = PBXFrameworksBuildPhase;
			buildActionMask = 2147483647;
			files = (
			);
			runOnlyForDeploymentPostprocessing = 0;
		};
		4B22C7112C23018E006F58FE /* Frameworks */ = {
			isa = PBXFrameworksBuildPhase;
			buildActionMask = 2147483647;
			files = (
			);
			runOnlyForDeploymentPostprocessing = 0;
		};
		4B22C71B2C23018E006F58FE /* Frameworks */ = {
			isa = PBXFrameworksBuildPhase;
			buildActionMask = 2147483647;
			files = (
			);
			runOnlyForDeploymentPostprocessing = 0;
		};
/* End PBXFrameworksBuildPhase section */

/* Begin PBXGroup section */
		4B22C6FB2C23018C006F58FE = {
			isa = PBXGroup;
			children = (
				4B22C7062C23018C006F58FE /* Ping */,
				4B22C7172C23018E006F58FE /* PingTests */,
				4B22C7212C23018E006F58FE /* PingUITests */,
				4B22C7052C23018C006F58FE /* Products */,
			);
			sourceTree = "<group>";
		};
		4B22C7052C23018C006F58FE /* Products */ = {
			isa = PBXGroup;
			children = (
				4B22C7042C23018C006F58FE /* Ping.app */,
				4B22C7142C23018E006F58FE /* PingTests.xctest */,
				4B22C71E2C23018E006F58FE /* PingUITests.xctest */,
			);
			name = Products;
			sourceTree = "<group>";
		};
		4B22C7062C23018C006F58FE /* Ping */ = {
			isa = PBXGroup;
			children = (
				4B22C7072C23018C006F58FE /* PingApp.swift */,
				4B22C7092C23018C006F58FE /* ContentView.swift */,
				4B22C70B2C23018D006F58FE /* Assets.xcassets */,
				4B22C70D2C23018D006F58FE /* Preview Content */,
			);
			path = Ping;
			sourceTree = "<group>";
		};
		4B22C70D2C23018D006F58FE /* Preview Content */ = {
			isa = PBXGroup;
			children = (
				4B22C70E2C23018D006F58FE /* Preview Assets.xcassets */,
			);
			path = "Preview Content";
			sourceTree = "<group>";
		};
		4B22C7172C23018E006F58FE /* PingTests */ = {
			isa = PBXGroup;
			children = (
				4B22C7182C23018E006F58FE /* PingTests.swift */,
			);
			path = PingTests;
			sourceTree = "<group>";
		};
		4B22C7212C23018E006F58FE /* PingUITests */ = {
			isa = PBXGroup;
			children = (
				4B22C7222C23018E006F58FE /* PingUITests.swift */,
				4B22C7242C23018E006F58FE /* PingUITestsLaunchTests.swift */,
			);
			path = PingUITests;
			sourceTree = "<group>";
		};
/* End PBXGroup section */

/* Begin PBXNativeTarget section */
		4B22C7032C23018C006F58FE /* Ping */ = {
			isa = PBXNativeTarget;
			buildConfigurationList = 4B22C7282C23018E006F58FE /* Build configuration list for PBXNativeTarget "Ping" */;
			buildPhases = (
				4B22C7002C23018C006F58FE /* Sources */,
				4B22C7012C23018C006F58FE /* Frameworks */,
				4B22C7022C23018C006F58FE /* Resources */,
			);
			buildRules = (
			);
			dependencies = (
			);
			name = Ping;
			productName = Ping;
			productReference = 4B22C7042C23018C006F58FE /* Ping.app */;
			productType = "com.apple.product-type.application";
		};
		4B22C7132C23018E006F58FE /* PingTests */ = {
			isa = PBXNativeTarget;
			buildConfigurationList = 4B22C72B2C23018E006F58FE /* Build configuration list for PBXNativeTarget "PingTests" */;
			buildPhases = (
				4B22C7102C23018E006F58FE /* Sources */,
				4B22C7112C23018E006F58FE /* Frameworks */,
				4B22C7122C23018E006F58FE /* Resources */,
			);
			buildRules = (
			);
			dependencies = (
				4B22C7162C23018E006F58FE /* PBXTargetDependency */,
			);
			name = PingTests;
			productName = PingTests;
			productReference = 4B22C7142C23018E006F58FE /* PingTests.xctest */;
			productType = "com.apple.product-type.bundle.unit-test";
		};
		4B22C71D2C23018E006F58FE /* PingUITests */ = {
			isa = PBXNativeTarget;
			buildConfigurationList = 4B22C72E2C23018E006F58FE /* Build configuration list for PBXNativeTarget "PingUITests" */;
			buildPhases = (
				4B22C71A2C23018E006F58FE /* Sources */,
				4B22C71B2C23018E006F58FE /* Frameworks */,
				4B22C71C2C23018E006F58FE /* Resources */,
			);
			buildRules = (
			);
			dependencies = (
				4B22C7202C23018E006F58FE /* PBXTargetDependency */,
			);
			name = PingUITests;
			productName = PingUITests;
			productReference = 4B22C71E2C23018E006F58FE /* PingUITests.xctest */;
			productType = "com.apple.product-type.bundle.ui-testing";
		};
/* End PBXNativeTarget section */

/* Begin PBXProject section */
		4B22C6FC2C23018C006F58FE /* Project object */ = {
			isa = PBXProject;
			attributes = {
				BuildIndependentTargetsInParallel = 1;
				LastSwiftUpdateCheck = 1500;
				LastUpgradeCheck = 1500;
				TargetAttributes = {
					4B22C7032C23018C006F58FE = {
						CreatedOnToolsVersion = 15.0;
					};
					4B22C7132C23018E006F58FE = {
						CreatedOnToolsVersion = 15.0;
						TestTargetID = 4B22C7032C23018C006F58FE;
					};
					4B22C71D2C23018E006F58FE = {
						CreatedOnToolsVersion = 15.0;
						TestTargetID = 4B22C7032C23018C006F58FE;
					};
				};
			};
			buildConfigurationList = 4B22C6FF2C23018C006F58FE /* Build configuration list for PBXProject "Ping" */;
			compatibilityVersion = "Xcode 14.0";
			developmentRegion = en;
			hasScannedForEncodings = 0;
			knownRegions = (
				en,
				Base,
			);
			mainGroup = 4B22C6FB2C23018C006F58FE;
			productRefGroup = 4B22C7052C23018C006F58FE /* Products */;
			projectDirPath = "";
			projectRoot = "";
			targets = (
				4B22C7032C23018C006F58FE /* Ping */,
				4B22C7132C23018E006F58FE /* PingTests */,
				4B22C71D2C23018E006F58FE /* PingUITests */,
			);
		};
/* End PBXProject section */

/* Begin PBXResourcesBuildPhase section */
		4B22C7022C23018C006F58FE /* Resources */ = {
			isa = PBXResourcesBuildPhase;
			buildActionMask = 2147483647;
			files = (
				4B22C70F2C23018D006F58FE /* Preview Assets.xcassets in Resources */,
				4B22C70C2C23018D006F58FE /* Assets.xcassets in Resources */,
			);
			runOnlyForDeploymentPostprocessing = 0;
		};
		4B22C7122C23018E006F58FE /* Resources */ = {
			isa = PBXResourcesBuildPhase;
			buildActionMask = 2147483647;
			files = (
			);
			runOnlyForDeploymentPostprocessing = 0;
		};
		4B22C71C2C23018E006F58FE /* Resources */ = {
			isa = PBXResourcesBuildPhase;
			buildActionMask = 2147483647;
			files = (
			);
			runOnlyForDeploymentPostprocessing = 0;
		};
/* End PBXResourcesBuildPhase section */

/* Begin PBXSourcesBuildPhase section */
		4B22C7002C23018C006F58FE /* Sources */ = {
			isa = PBXSourcesBuildPhase;
			buildActionMask = 2147483647;
			files = (
				4B22C70A2C23018C006F58FE /* ContentView.swift in Sources */,
				4B22C7082C23018C006F58FE /* PingApp.swift in Sources */,
			);
			runOnlyForDeploymentPostprocessing = 0;
		};
		4B22C7102C23018E006F58FE /* Sources */ = {
			isa = PBXSourcesBuildPhase;
			buildActionMask = 2147483647;
			files = (
				4B22C7192C23018E006F58FE /* PingTests.swift in Sources */,
			);
			runOnlyForDeploymentPostprocessing = 0;
		};
		4B22C71A2C23018E006F58FE /* Sources */ = {
			isa = PBXSourcesBuildPhase;
			buildActionMask = 2147483647;
			files = (
				4B22C7252C23018E006F58FE /* PingUITestsLaunchTests.swift in Sources */,
				4B22C7232C23018E006F58FE /* PingUITests.swift in Sources */,
			);
			runOnlyForDeploymentPostprocessing = 0;
		};
/* End PBXSourcesBuildPhase section */

/* Begin PBXTargetDependency section */
		4B22C7162C23018E006F58FE /* PBXTargetDependency */ = {
			isa = PBXTargetDependency;
			target = 4B22C7032C23018C006F58FE /* Ping */;
			targetProxy = 4B22C7152C23018E006F58FE /* PBXContainerItemProxy */;
		};
		4B22C7202C23018E006F58FE /* PBXTargetDependency */ = {
			isa = PBXTargetDependency;
			target = 4B22C7032C23018C006F58FE /* Ping */;
			targetProxy = 4B22C71F2C23018E006F58FE /* PBXContainerItemProxy */;
		};
/* End PBXTargetDependency section */

/* Begin XCBuildConfiguration section */
		4B22C7262C23018E006F58FE /* Debug */ = {
			isa = XCBuildConfiguration;
			buildSettings = {
				ALWAYS_SEARCH_USER_PATHS = NO;
				ASSETCATALOG_COMPILER_GENERATE_SWIFT_ASSET_SYMBOL_EXTENSIONS = YES;
				CLANG_ANALYZER_NONNULL = YES;
				CLANG_ANALYZER_NUMBER_OBJECT_CONVERSION = YES_AGGRESSIVE;
				CLANG_CXX_LANGUAGE_STANDARD = "gnu++20";
				CLANG_ENABLE_MODULES = YES;
				CLANG_ENABLE_OBJC_ARC = YES;
				CLANG_ENABLE_OBJC_WEAK = YES;
				CLANG_WARN_BLOCK_CAPTURE_AUTORELEASING = YES;
				CLANG_WARN_BOOL_CONVERSION = YES;
				CLANG_WARN_COMMA = YES;
				CLANG_WARN_CONSTANT_CONVERSION = YES;
				CLANG_WARN_DEPRECATED_OBJC_IMPLEMENTATIONS = YES;
				CLANG_WARN_DIRECT_OBJC_ISA_USAGE = YES_ERROR;
				CLANG_WARN_DOCUMENTATION_COMMENTS = YES;
				CLANG_WARN_EMPTY_BODY = YES;
				CLANG_WARN_ENUM_CONVERSION = YES;
				CLANG_WARN_INFINITE_RECURSION = YES;
				CLANG_WARN_INT_CONVERSION = YES;
				CLANG_WARN_NON_LITERAL_NULL_CONVERSION = YES;
				CLANG_WARN_OBJC_IMPLICIT_RETAIN_SELF = YES;
				CLANG_WARN_OBJC_LITERAL_CONVERSION = YES;
				CLANG_WARN_OBJC_ROOT_CLASS = YES_ERROR;
				CLANG_WARN_QUOTED_INCLUDE_IN_FRAMEWORK_HEADER = YES;
				CLANG_WARN_RANGE_LOOP_ANALYSIS = YES;
				CLANG_WARN_STRICT_PROTOTYPES = YES;
				CLANG_WARN_SUSPICIOUS_MOVE = YES;
				CLANG_WARN_UNGUARDED_AVAILABILITY = YES_AGGRESSIVE;
				CLANG_WARN_UNREACHABLE_CODE = YES;
				CLANG_WARN__DUPLICATE_METHOD_MATCH = YES;
				COPY_PHASE_STRIP = NO;
				DEBUG_INFORMATION_FORMAT = dwarf;
				ENABLE_STRICT_OBJC_MSGSEND = YES;
				ENABLE_TESTABILITY = YES;
				ENABLE_USER_SCRIPT_SANDBOXING = YES;
				GCC_C_LANGUAGE_STANDARD = gnu17;
				GCC_DYNAMIC_NO_PIC = NO;
				GCC_NO_COMMON_BLOCKS = YES;
				GCC_OPTIMIZATION_LEVEL = 0;
				GCC_PREPROCESSOR_DEFINITIONS = (
					"DEBUG=1",
					"$(inherited)",
				);
				GCC_WARN_64_TO_32_BIT_CONVERSION = YES;
				GCC_WARN_ABOUT_RETURN_TYPE = YES_ERROR;
				GCC_WARN_UNDECLARED_SELECTOR = YES;
				GCC_WARN_UNINITIALIZED_AUTOS = YES_AGGRESSIVE;
				GCC_WARN_UNUSED_FUNCTION = YES;
				GCC_WARN_UNUSED_VARIABLE = YES;
				IPHONEOS_DEPLOYMENT_TARGET = 17.0;
				LOCALIZATION_PREFERS_STRING_CATALOGS = YES;
				MTL_ENABLE_DEBUG_INFO = INCLUDE_SOURCE;
				MTL_FAST_MATH = YES;
				ONLY_ACTIVE_ARCH = YES;
				SDKROOT = iphoneos;
				SWIFT_ACTIVE_COMPILATION_CONDITIONS = "DEBUG $(inherited)";
				SWIFT_OPTIMIZATION_LEVEL = "-Onone";
			};
			name = Debug;
		};
		4B22C7272C23018E006F58FE /* Release */ = {
			isa = XCBuildConfiguration;
			buildSettings = {
				ALWAYS_SEARCH_USER_PATHS = NO;
				ASSETCATALOG_COMPILER_GENERATE_SWIFT_ASSET_SYMBOL_EXTENSIONS = YES;
				CLANG_ANALYZER_NONNULL = YES;
				CLANG_ANALYZER_NUMBER_OBJECT_CONVERSION = YES_AGGRESSIVE;
				CLANG_CXX_LANGUAGE_STANDARD = "gnu++20";
				CLANG_ENABLE_MODULES = YES;
				CLANG_ENABLE_OBJC_ARC = YES;
				CLANG_ENABLE_OBJC_WEAK = YES;
				CLANG_WARN_BLOCK_CAPTURE_AUTORELEASING = YES;
				CLANG_WARN_BOOL_CONVERSION = YES;
				CLANG_WARN_COMMA = YES;
				CLANG_WARN_CONSTANT_CONVERSION = YES;
				CLANG_WARN_DEPRECATED_OBJC_IMPLEMENTATIONS = YES;
				CLANG_WARN_DIRECT_OBJC_ISA_USAGE = YES_ERROR;
				CLANG_WARN_DOCUMENTATION_COMMENTS = YES;
				CLANG_WARN_EMPTY_BODY = YES;
				CLANG_WARN_ENUM_CONVERSION = YES;
				CLANG_WARN_INFINITE_RECURSION = YES;
				CLANG_WARN_INT_CONVERSION = YES;
				CLANG_WARN_NON_LITERAL_NULL_CONVERSION = YES;
				CLANG_WARN_OBJC_IMPLICIT_RETAIN_SELF = YES;
				CLANG_WARN_OBJC_LITERAL_CONVERSION = YES;
				CLANG_WARN_OBJC_ROOT_CLASS = YES_ERROR;
				CLANG_WARN_QUOTED_INCLUDE_IN_FRAMEWORK_HEADER = YES;
				CLANG_WARN_RANGE_LOOP_ANALYSIS = YES;
				CLANG_WARN_STRICT_PROTOTYPES = YES;
				CLANG_WARN_SUSPICIOUS_MOVE = YES;
				CLANG_WARN_UNGUARDED_AVAILABILITY = YES_AGGRESSIVE;
				CLANG_WARN_UNREACHABLE_CODE = YES;
				CLANG_WARN__DUPLICATE_METHOD_MATCH = YES;
				COPY_PHASE_STRIP = NO;
				DEBUG_INFORMATION_FORMAT = "dwarf-with-dsym";
				ENABLE_NS_ASSERTIONS = NO;
				ENABLE_STRICT_OBJC_MSGSEND = YES;
				ENABLE_USER_SCRIPT_SANDBOXING = YES;
				GCC_C_LANGUAGE_STANDARD = gnu17;
				GCC_NO_COMMON_BLOCKS = YES;
				GCC_WARN_64_TO_32_BIT_CONVERSION = YES;
				GCC_WARN_ABOUT_RETURN_TYPE = YES_ERROR;
				GCC_WARN_UNDECLARED_SELECTOR = YES;
				GCC_WARN_UNINITIALIZED_AUTOS = YES_AGGRESSIVE;
				GCC_WARN_UNUSED_FUNCTION = YES;
				GCC_WARN_UNUSED_VARIABLE = YES;
				IPHONEOS_DEPLOYMENT_TARGET = 17.0;
				LOCALIZATION_PREFERS_STRING_CATALOGS = YES;
				MTL_ENABLE_DEBUG_INFO = NO;
				MTL_FAST_MATH = YES;
				SDKROOT = iphoneos;
				SWIFT_COMPILATION_MODE = wholemodule;
				VALIDATE_PRODUCT = YES;
			};
			name = Release;
		};
		4B22C7292C23018E006F58FE /* Debug */ = {
			isa = XCBuildConfiguration;
			buildSettings = {
				ASSETCATALOG_COMPILER_APPICON_NAME = AppIcon;
				ASSETCATALOG_COMPILER_GLOBAL_ACCENT_COLOR_NAME = AccentColor;
				CODE_SIGN_STYLE = Automatic;
				CURRENT_PROJECT_VERSION = 1;
				DEVELOPMENT_ASSET_PATHS = "\"Ping/Preview Content\"";
				DEVELOPMENT_TEAM = 826U5T47TW;
				ENABLE_PREVIEWS = YES;
				GENERATE_INFOPLIST_FILE = YES;
				INFOPLIST_KEY_UIApplicationSceneManifest_Generation = YES;
				INFOPLIST_KEY_UIApplicationSupportsIndirectInputEvents = YES;
				INFOPLIST_KEY_UILaunchScreen_Generation = YES;
				INFOPLIST_KEY_UISupportedInterfaceOrientations_iPad = "UIInterfaceOrientationPortrait UIInterfaceOrientationPortraitUpsideDown UIInterfaceOrientationLandscapeLeft UIInterfaceOrientationLandscapeRight";
				INFOPLIST_KEY_UISupportedInterfaceOrientations_iPhone = "UIInterfaceOrientationPortrait UIInterfaceOrientationLandscapeLeft UIInterfaceOrientationLandscapeRight";
				LD_RUNPATH_SEARCH_PATHS = (
					"$(inherited)",
					"@executable_path/Frameworks",
				);
				MARKETING_VERSION = 1.0;
				PRODUCT_BUNDLE_IDENTIFIER = br.com.stephanegirao.Ping;
				PRODUCT_NAME = "$(TARGET_NAME)";
				SWIFT_EMIT_LOC_STRINGS = YES;
				SWIFT_VERSION = 5.0;
				TARGETED_DEVICE_FAMILY = "1,2";
			};
			name = Debug;
		};
		4B22C72A2C23018E006F58FE /* Release */ = {
			isa = XCBuildConfiguration;
			buildSettings = {
				ASSETCATALOG_COMPILER_APPICON_NAME = AppIcon;
				ASSETCATALOG_COMPILER_GLOBAL_ACCENT_COLOR_NAME = AccentColor;
				CODE_SIGN_STYLE = Automatic;
				CURRENT_PROJECT_VERSION = 1;
				DEVELOPMENT_ASSET_PATHS = "\"Ping/Preview Content\"";
				DEVELOPMENT_TEAM = 826U5T47TW;
				ENABLE_PREVIEWS = YES;
				GENERATE_INFOPLIST_FILE = YES;
				INFOPLIST_KEY_UIApplicationSceneManifest_Generation = YES;
				INFOPLIST_KEY_UIApplicationSupportsIndirectInputEvents = YES;
				INFOPLIST_KEY_UILaunchScreen_Generation = YES;
				INFOPLIST_KEY_UISupportedInterfaceOrientations_iPad = "UIInterfaceOrientationPortrait UIInterfaceOrientationPortraitUpsideDown UIInterfaceOrientationLandscapeLeft UIInterfaceOrientationLandscapeRight";
				INFOPLIST_KEY_UISupportedInterfaceOrientations_iPhone = "UIInterfaceOrientationPortrait UIInterfaceOrientationLandscapeLeft UIInterfaceOrientationLandscapeRight";
				LD_RUNPATH_SEARCH_PATHS = (
					"$(inherited)",
					"@executable_path/Frameworks",
				);
				MARKETING_VERSION = 1.0;
				PRODUCT_BUNDLE_IDENTIFIER = br.com.stephanegirao.Ping;
				PRODUCT_NAME = "$(TARGET_NAME)";
				SWIFT_EMIT_LOC_STRINGS = YES;
				SWIFT_VERSION = 5.0;
				TARGETED_DEVICE_FAMILY = "1,2";
			};
			name = Release;
		};
		4B22C72C2C23018E006F58FE /* Debug */ = {
			isa = XCBuildConfiguration;
			buildSettings = {
				ALWAYS_EMBED_SWIFT_STANDARD_LIBRARIES = YES;
				BUNDLE_LOADER = "$(TEST_HOST)";
				CODE_SIGN_STYLE = Automatic;
				CURRENT_PROJECT_VERSION = 1;
				DEVELOPMENT_TEAM = 826U5T47TW;
				GENERATE_INFOPLIST_FILE = YES;
				IPHONEOS_DEPLOYMENT_TARGET = 17.0;
				MARKETING_VERSION = 1.0;
				PRODUCT_BUNDLE_IDENTIFIER = br.com.stephanegirao.PingTests;
				PRODUCT_NAME = "$(TARGET_NAME)";
				SWIFT_EMIT_LOC_STRINGS = NO;
				SWIFT_VERSION = 5.0;
				TARGETED_DEVICE_FAMILY = "1,2";
				TEST_HOST = "$(BUILT_PRODUCTS_DIR)/Ping.app/$(BUNDLE_EXECUTABLE_FOLDER_PATH)/Ping";
			};
			name = Debug;
		};
		4B22C72D2C23018E006F58FE /* Release */ = {
			isa = XCBuildConfiguration;
			buildSettings = {
				ALWAYS_EMBED_SWIFT_STANDARD_LIBRARIES = YES;
				BUNDLE_LOADER = "$(TEST_HOST)";
				CODE_SIGN_STYLE = Automatic;
				CURRENT_PROJECT_VERSION = 1;
				DEVELOPMENT_TEAM = 826U5T47TW;
				GENERATE_INFOPLIST_FILE = YES;
				IPHONEOS_DEPLOYMENT_TARGET = 17.0;
				MARKETING_VERSION = 1.0;
				PRODUCT_BUNDLE_IDENTIFIER = br.com.stephanegirao.PingTests;
				PRODUCT_NAME = "$(TARGET_NAME)";
				SWIFT_EMIT_LOC_STRINGS = NO;
				SWIFT_VERSION = 5.0;
				TARGETED_DEVICE_FAMILY = "1,2";
				TEST_HOST = "$(BUILT_PRODUCTS_DIR)/Ping.app/$(BUNDLE_EXECUTABLE_FOLDER_PATH)/Ping";
			};
			name = Release;
		};
		4B22C72F2C23018E006F58FE /* Debug */ = {
			isa = XCBuildConfiguration;
			buildSettings = {
				ALWAYS_EMBED_SWIFT_STANDARD_LIBRARIES = YES;
				CODE_SIGN_STYLE = Automatic;
				CURRENT_PROJECT_VERSION = 1;
				DEVELOPMENT_TEAM = 826U5T47TW;
				GENERATE_INFOPLIST_FILE = YES;
				MARKETING_VERSION = 1.0;
				PRODUCT_BUNDLE_IDENTIFIER = br.com.stephanegirao.PingUITests;
				PRODUCT_NAME = "$(TARGET_NAME)";
				SWIFT_EMIT_LOC_STRINGS = NO;
				SWIFT_VERSION = 5.0;
				TARGETED_DEVICE_FAMILY = "1,2";
				TEST_TARGET_NAME = Ping;
			};
			name = Debug;
		};
		4B22C7302C23018E006F58FE /* Release */ = {
			isa = XCBuildConfiguration;
			buildSettings = {
				ALWAYS_EMBED_SWIFT_STANDARD_LIBRARIES = YES;
				CODE_SIGN_STYLE = Automatic;
				CURRENT_PROJECT_VERSION = 1;
				DEVELOPMENT_TEAM = 826U5T47TW;
				GENERATE_INFOPLIST_FILE = YES;
				MARKETING_VERSION = 1.0;
				PRODUCT_BUNDLE_IDENTIFIER = br.com.stephanegirao.PingUITests;
				PRODUCT_NAME = "$(TARGET_NAME)";
				SWIFT_EMIT_LOC_STRINGS = NO;
				SWIFT_VERSION = 5.0;
				TARGETED_DEVICE_FAMILY = "1,2";
				TEST_TARGET_NAME = Ping;
			};
			name = Release;
		};
/* End XCBuildConfiguration section */

/* Begin XCConfigurationList section */
		4B22C6FF2C23018C006F58FE /* Build configuration list for PBXProject "Ping" */ = {
			isa = XCConfigurationList;
			buildConfigurations = (
				4B22C7262C23018E006F58FE /* Debug */,
				4B22C7272C23018E006F58FE /* Release */,
			);
			defaultConfigurationIsVisible = 0;
			defaultConfigurationName = Release;
		};
		4B22C7282C23018E006F58FE /* Build configuration list for PBXNativeTarget "Ping" */ = {
			isa = XCConfigurationList;
			buildConfigurations = (
				4B22C7292C23018E006F58FE /* Debug */,
				4B22C72A2C23018E006F58FE /* Release */,
			);
			defaultConfigurationIsVisible = 0;
			defaultConfigurationName = Release;
		};
		4B22C72B2C23018E006F58FE /* Build configuration list for PBXNativeTarget "PingTests" */ = {
			isa = XCConfigurationList;
			buildConfigurations = (
				4B22C72C2C23018E006F58FE /* Debug */,
				4B22C72D2C23018E006F58FE /* Release */,
			);
			defaultConfigurationIsVisible = 0;
			defaultConfigurationName = Release;
		};
		4B22C72E2C23018E006F58FE /* Build configuration list for PBXNativeTarget "PingUITests" */ = {
			isa = XCConfigurationList;
			buildConfigurations = (
				4B22C72F2C23018E006F58FE /* Debug */,
				4B22C7302C23018E006F58FE /* Release */,
			);
			defaultConfigurationIsVisible = 0;
			defaultConfigurationName = Release;
		};
/* End XCConfigurationList section */
	};
	rootObject = 4B22C6FC2C23018C006F58FE /* Project object */;
}
